// !$*UTF8*$!
{
	archiveVersion = 1;
	classes = {
	};
	objectVersion = 50;
	objects = {

/* Begin PBXBuildFile section */
		14C36C73256F5B8800B4575D /* AppDelegate.swift in Sources */ = {isa = PBXBuildFile; fileRef = 14C36C72256F5B8800B4575D /* AppDelegate.swift */; };
		14C36C75256F5B8800B4575D /* SceneDelegate.swift in Sources */ = {isa = PBXBuildFile; fileRef = 14C36C74256F5B8800B4575D /* SceneDelegate.swift */; };
		14C36C77256F5B8800B4575D /* ViewController.swift in Sources */ = {isa = PBXBuildFile; fileRef = 14C36C76256F5B8800B4575D /* ViewController.swift */; };
		14C36C7A256F5B8800B4575D /* Main.storyboard in Resources */ = {isa = PBXBuildFile; fileRef = 14C36C78256F5B8800B4575D /* Main.storyboard */; };
		14C36C7C256F5B8C00B4575D /* Assets.xcassets in Resources */ = {isa = PBXBuildFile; fileRef = 14C36C7B256F5B8C00B4575D /* Assets.xcassets */; };
		14C36C7F256F5B8C00B4575D /* LaunchScreen.storyboard in Resources */ = {isa = PBXBuildFile; fileRef = 14C36C7D256F5B8C00B4575D /* LaunchScreen.storyboard */; };
		14C36C8A256F5B8D00B4575D /* Magic_8_BallTests.swift in Sources */ = {isa = PBXBuildFile; fileRef = 14C36C89256F5B8D00B4575D /* Magic_8_BallTests.swift */; };
		14C36C95256F5B8D00B4575D /* Magic_8_BallUITests.swift in Sources */ = {isa = PBXBuildFile; fileRef = 14C36C94256F5B8D00B4575D /* Magic_8_BallUITests.swift */; };
/* End PBXBuildFile section */

/* Begin PBXContainerItemProxy section */
		14C36C86256F5B8D00B4575D /* PBXContainerItemProxy */ = {
			isa = PBXContainerItemProxy;
			containerPortal = 14C36C67256F5B8800B4575D /* Project object */;
			proxyType = 1;
			remoteGlobalIDString = 14C36C6E256F5B8800B4575D;
			remoteInfo = "Magic_8-Ball";
		};
		14C36C91256F5B8D00B4575D /* PBXContainerItemProxy */ = {
			isa = PBXContainerItemProxy;
			containerPortal = 14C36C67256F5B8800B4575D /* Project object */;
			proxyType = 1;
			remoteGlobalIDString = 14C36C6E256F5B8800B4575D;
			remoteInfo = "Magic_8-Ball";
		};
/* End PBXContainerItemProxy section */

/* Begin PBXFileReference section */
		14C36C6F256F5B8800B4575D /* Magic_8-Ball.app */ = {isa = PBXFileReference; explicitFileType = wrapper.application; includeInIndex = 0; path = "Magic_8-Ball.app"; sourceTree = BUILT_PRODUCTS_DIR; };
		14C36C72256F5B8800B4575D /* AppDelegate.swift */ = {isa = PBXFileReference; lastKnownFileType = sourcecode.swift; path = AppDelegate.swift; sourceTree = "<group>"; };
		14C36C74256F5B8800B4575D /* SceneDelegate.swift */ = {isa = PBXFileReference; lastKnownFileType = sourcecode.swift; path = SceneDelegate.swift; sourceTree = "<group>"; };
		14C36C76256F5B8800B4575D /* ViewController.swift */ = {isa = PBXFileReference; lastKnownFileType = sourcecode.swift; path = ViewController.swift; sourceTree = "<group>"; };
		14C36C79256F5B8800B4575D /* Base */ = {isa = PBXFileReference; lastKnownFileType = file.storyboard; name = Base; path = Base.lproj/Main.storyboard; sourceTree = "<group>"; };
		14C36C7B256F5B8C00B4575D /* Assets.xcassets */ = {isa = PBXFileReference; lastKnownFileType = folder.assetcatalog; path = Assets.xcassets; sourceTree = "<group>"; };
		14C36C7E256F5B8C00B4575D /* Base */ = {isa = PBXFileReference; lastKnownFileType = file.storyboard; name = Base; path = Base.lproj/LaunchScreen.storyboard; sourceTree = "<group>"; };
		14C36C80256F5B8C00B4575D /* Info.plist */ = {isa = PBXFileReference; lastKnownFileType = text.plist.xml; path = Info.plist; sourceTree = "<group>"; };
		14C36C85256F5B8D00B4575D /* Magic_8-BallTests.xctest */ = {isa = PBXFileReference; explicitFileType = wrapper.cfbundle; includeInIndex = 0; path = "Magic_8-BallTests.xctest"; sourceTree = BUILT_PRODUCTS_DIR; };
		14C36C89256F5B8D00B4575D /* Magic_8_BallTests.swift */ = {isa = PBXFileReference; lastKnownFileType = sourcecode.swift; path = Magic_8_BallTests.swift; sourceTree = "<group>"; };
		14C36C8B256F5B8D00B4575D /* Info.plist */ = {isa = PBXFileReference; lastKnownFileType = text.plist.xml; path = Info.plist; sourceTree = "<group>"; };
		14C36C90256F5B8D00B4575D /* Magic_8-BallUITests.xctest */ = {isa = PBXFileReference; explicitFileType = wrapper.cfbundle; includeInIndex = 0; path = "Magic_8-BallUITests.xctest"; sourceTree = BUILT_PRODUCTS_DIR; };
		14C36C94256F5B8D00B4575D /* Magic_8_BallUITests.swift */ = {isa = PBXFileReference; lastKnownFileType = sourcecode.swift; path = Magic_8_BallUITests.swift; sourceTree = "<group>"; };
		14C36C96256F5B8D00B4575D /* Info.plist */ = {isa = PBXFileReference; lastKnownFileType = text.plist.xml; path = Info.plist; sourceTree = "<group>"; };
/* End PBXFileReference section */

/* Begin PBXFrameworksBuildPhase section */
		14C36C6C256F5B8800B4575D /* Frameworks */ = {
			isa = PBXFrameworksBuildPhase;
			buildActionMask = 2147483647;
			files = (
			);
			runOnlyForDeploymentPostprocessing = 0;
		};
		14C36C82256F5B8D00B4575D /* Frameworks */ = {
			isa = PBXFrameworksBuildPhase;
			buildActionMask = 2147483647;
			files = (
			);
			runOnlyForDeploymentPostprocessing = 0;
		};
		14C36C8D256F5B8D00B4575D /* Frameworks */ = {
			isa = PBXFrameworksBuildPhase;
			buildActionMask = 2147483647;
			files = (
			);
			runOnlyForDeploymentPostprocessing = 0;
		};
/* End PBXFrameworksBuildPhase section */

/* Begin PBXGroup section */
		14C36C66256F5B8800B4575D = {
			isa = PBXGroup;
			children = (
				14C36C71256F5B8800B4575D /* Magic_8-Ball */,
				14C36C88256F5B8D00B4575D /* Magic_8-BallTests */,
				14C36C93256F5B8D00B4575D /* Magic_8-BallUITests */,
				14C36C70256F5B8800B4575D /* Products */,
			);
			sourceTree = "<group>";
		};
		14C36C70256F5B8800B4575D /* Products */ = {
			isa = PBXGroup;
			children = (
				14C36C6F256F5B8800B4575D /* Magic_8-Ball.app */,
				14C36C85256F5B8D00B4575D /* Magic_8-BallTests.xctest */,
				14C36C90256F5B8D00B4575D /* Magic_8-BallUITests.xctest */,
			);
			name = Products;
			sourceTree = "<group>";
		};
		14C36C71256F5B8800B4575D /* Magic_8-Ball */ = {
			isa = PBXGroup;
			children = (
				14C36C72256F5B8800B4575D /* AppDelegate.swift */,
				14C36C74256F5B8800B4575D /* SceneDelegate.swift */,
				14C36C76256F5B8800B4575D /* ViewController.swift */,
				14C36C78256F5B8800B4575D /* Main.storyboard */,
				14C36C7B256F5B8C00B4575D /* Assets.xcassets */,
				14C36C7D256F5B8C00B4575D /* LaunchScreen.storyboard */,
				14C36C80256F5B8C00B4575D /* Info.plist */,
			);
			path = "Magic_8-Ball";
			sourceTree = "<group>";
		};
		14C36C88256F5B8D00B4575D /* Magic_8-BallTests */ = {
			isa = PBXGroup;
			children = (
				14C36C89256F5B8D00B4575D /* Magic_8_BallTests.swift */,
				14C36C8B256F5B8D00B4575D /* Info.plist */,
			);
			path = "Magic_8-BallTests";
			sourceTree = "<group>";
		};
		14C36C93256F5B8D00B4575D /* Magic_8-BallUITests */ = {
			isa = PBXGroup;
			children = (
				14C36C94256F5B8D00B4575D /* Magic_8_BallUITests.swift */,
				14C36C96256F5B8D00B4575D /* Info.plist */,
			);
			path = "Magic_8-BallUITests";
			sourceTree = "<group>";
		};
/* End PBXGroup section */

/* Begin PBXNativeTarget section */
		14C36C6E256F5B8800B4575D /* Magic_8-Ball */ = {
			isa = PBXNativeTarget;
			buildConfigurationList = 14C36C99256F5B8D00B4575D /* Build configuration list for PBXNativeTarget "Magic_8-Ball" */;
			buildPhases = (
				14C36C6B256F5B8800B4575D /* Sources */,
				14C36C6C256F5B8800B4575D /* Frameworks */,
				14C36C6D256F5B8800B4575D /* Resources */,
			);
			buildRules = (
			);
			dependencies = (
			);
			name = "Magic_8-Ball";
			productName = "Magic_8-Ball";
			productReference = 14C36C6F256F5B8800B4575D /* Magic_8-Ball.app */;
			productType = "com.apple.product-type.application";
		};
		14C36C84256F5B8D00B4575D /* Magic_8-BallTests */ = {
			isa = PBXNativeTarget;
			buildConfigurationList = 14C36C9C256F5B8D00B4575D /* Build configuration list for PBXNativeTarget "Magic_8-BallTests" */;
			buildPhases = (
				14C36C81256F5B8D00B4575D /* Sources */,
				14C36C82256F5B8D00B4575D /* Frameworks */,
				14C36C83256F5B8D00B4575D /* Resources */,
			);
			buildRules = (
			);
			dependencies = (
				14C36C87256F5B8D00B4575D /* PBXTargetDependency */,
			);
			name = "Magic_8-BallTests";
			productName = "Magic_8-BallTests";
			productReference = 14C36C85256F5B8D00B4575D /* Magic_8-BallTests.xctest */;
			productType = "com.apple.product-type.bundle.unit-test";
		};
		14C36C8F256F5B8D00B4575D /* Magic_8-BallUITests */ = {
			isa = PBXNativeTarget;
			buildConfigurationList = 14C36C9F256F5B8D00B4575D /* Build configuration list for PBXNativeTarget "Magic_8-BallUITests" */;
			buildPhases = (
				14C36C8C256F5B8D00B4575D /* Sources */,
				14C36C8D256F5B8D00B4575D /* Frameworks */,
				14C36C8E256F5B8D00B4575D /* Resources */,
			);
			buildRules = (
			);
			dependencies = (
				14C36C92256F5B8D00B4575D /* PBXTargetDependency */,
			);
			name = "Magic_8-BallUITests";
			productName = "Magic_8-BallUITests";
			productReference = 14C36C90256F5B8D00B4575D /* Magic_8-BallUITests.xctest */;
			productType = "com.apple.product-type.bundle.ui-testing";
		};
/* End PBXNativeTarget section */

/* Begin PBXProject section */
		14C36C67256F5B8800B4575D /* Project object */ = {
			isa = PBXProject;
			attributes = {
				LastSwiftUpdateCheck = 1220;
				LastUpgradeCheck = 1220;
				TargetAttributes = {
					14C36C6E256F5B8800B4575D = {
						CreatedOnToolsVersion = 12.2;
					};
					14C36C84256F5B8D00B4575D = {
						CreatedOnToolsVersion = 12.2;
						TestTargetID = 14C36C6E256F5B8800B4575D;
					};
					14C36C8F256F5B8D00B4575D = {
						CreatedOnToolsVersion = 12.2;
						TestTargetID = 14C36C6E256F5B8800B4575D;
					};
				};
			};
			buildConfigurationList = 14C36C6A256F5B8800B4575D /* Build configuration list for PBXProject "Magic_8-Ball" */;
			compatibilityVersion = "Xcode 9.3";
			developmentRegion = en;
			hasScannedForEncodings = 0;
			knownRegions = (
				en,
				Base,
			);
			mainGroup = 14C36C66256F5B8800B4575D;
			productRefGroup = 14C36C70256F5B8800B4575D /* Products */;
			projectDirPath = "";
			projectRoot = "";
			targets = (
				14C36C6E256F5B8800B4575D /* Magic_8-Ball */,
				14C36C84256F5B8D00B4575D /* Magic_8-BallTests */,
				14C36C8F256F5B8D00B4575D /* Magic_8-BallUITests */,
			);
		};
/* End PBXProject section */

/* Begin PBXResourcesBuildPhase section */
		14C36C6D256F5B8800B4575D /* Resources */ = {
			isa = PBXResourcesBuildPhase;
			buildActionMask = 2147483647;
			files = (
				14C36C7F256F5B8C00B4575D /* LaunchScreen.storyboard in Resources */,
				14C36C7C256F5B8C00B4575D /* Assets.xcassets in Resources */,
				14C36C7A256F5B8800B4575D /* Main.storyboard in Resources */,
			);
			runOnlyForDeploymentPostprocessing = 0;
		};
		14C36C83256F5B8D00B4575D /* Resources */ = {
			isa = PBXResourcesBuildPhase;
			buildActionMask = 2147483647;
			files = (
			);
			runOnlyForDeploymentPostprocessing = 0;
		};
		14C36C8E256F5B8D00B4575D /* Resources */ = {
			isa = PBXResourcesBuildPhase;
			buildActionMask = 2147483647;
			files = (
			);
			runOnlyForDeploymentPostprocessing = 0;
		};
/* End PBXResourcesBuildPhase section */

/* Begin PBXSourcesBuildPhase section */
		14C36C6B256F5B8800B4575D /* Sources */ = {
			isa = PBXSourcesBuildPhase;
			buildActionMask = 2147483647;
			files = (
				14C36C77256F5B8800B4575D /* ViewController.swift in Sources */,
				14C36C73256F5B8800B4575D /* AppDelegate.swift in Sources */,
				14C36C75256F5B8800B4575D /* SceneDelegate.swift in Sources */,
			);
			runOnlyForDeploymentPostprocessing = 0;
		};
		14C36C81256F5B8D00B4575D /* Sources */ = {
			isa = PBXSourcesBuildPhase;
			buildActionMask = 2147483647;
			files = (
				14C36C8A256F5B8D00B4575D /* Magic_8_BallTests.swift in Sources */,
			);
			runOnlyForDeploymentPostprocessing = 0;
		};
		14C36C8C256F5B8D00B4575D /* Sources */ = {
			isa = PBXSourcesBuildPhase;
			buildActionMask = 2147483647;
			files = (
				14C36C95256F5B8D00B4575D /* Magic_8_BallUITests.swift in Sources */,
			);
			runOnlyForDeploymentPostprocessing = 0;
		};
/* End PBXSourcesBuildPhase section */

/* Begin PBXTargetDependency section */
		14C36C87256F5B8D00B4575D /* PBXTargetDependency */ = {
			isa = PBXTargetDependency;
			target = 14C36C6E256F5B8800B4575D /* Magic_8-Ball */;
			targetProxy = 14C36C86256F5B8D00B4575D /* PBXContainerItemProxy */;
		};
		14C36C92256F5B8D00B4575D /* PBXTargetDependency */ = {
			isa = PBXTargetDependency;
			target = 14C36C6E256F5B8800B4575D /* Magic_8-Ball */;
			targetProxy = 14C36C91256F5B8D00B4575D /* PBXContainerItemProxy */;
		};
/* End PBXTargetDependency section */

/* Begin PBXVariantGroup section */
		14C36C78256F5B8800B4575D /* Main.storyboard */ = {
			isa = PBXVariantGroup;
			children = (
				14C36C79256F5B8800B4575D /* Base */,
			);
			name = Main.storyboard;
			sourceTree = "<group>";
		};
		14C36C7D256F5B8C00B4575D /* LaunchScreen.storyboard */ = {
			isa = PBXVariantGroup;
			children = (
				14C36C7E256F5B8C00B4575D /* Base */,
			);
			name = LaunchScreen.storyboard;
			sourceTree = "<group>";
		};
/* End PBXVariantGroup section */

/* Begin XCBuildConfiguration section */
		14C36C97256F5B8D00B4575D /* Debug */ = {
			isa = XCBuildConfiguration;
			buildSettings = {
				ALWAYS_SEARCH_USER_PATHS = NO;
				CLANG_ANALYZER_NONNULL = YES;
				CLANG_ANALYZER_NUMBER_OBJECT_CONVERSION = YES_AGGRESSIVE;
				CLANG_CXX_LANGUAGE_STANDARD = "gnu++14";
				CLANG_CXX_LIBRARY = "libc++";
				CLANG_ENABLE_MODULES = YES;
				CLANG_ENABLE_OBJC_ARC = YES;
				CLANG_ENABLE_OBJC_WEAK = YES;
				CLANG_WARN_BLOCK_CAPTURE_AUTORELEASING = YES;
				CLANG_WARN_BOOL_CONVERSION = YES;
				CLANG_WARN_COMMA = YES;
				CLANG_WARN_CONSTANT_CONVERSION = YES;
				CLANG_WARN_DEPRECATED_OBJC_IMPLEMENTATIONS = YES;
				CLANG_WARN_DIRECT_OBJC_ISA_USAGE = YES_ERROR;
				CLANG_WARN_DOCUMENTATION_COMMENTS = YES;
				CLANG_WARN_EMPTY_BODY = YES;
				CLANG_WARN_ENUM_CONVERSION = YES;
				CLANG_WARN_INFINITE_RECURSION = YES;
				CLANG_WARN_INT_CONVERSION = YES;
				CLANG_WARN_NON_LITERAL_NULL_CONVERSION = YES;
				CLANG_WARN_OBJC_IMPLICIT_RETAIN_SELF = YES;
				CLANG_WARN_OBJC_LITERAL_CONVERSION = YES;
				CLANG_WARN_OBJC_ROOT_CLASS = YES_ERROR;
				CLANG_WARN_QUOTED_INCLUDE_IN_FRAMEWORK_HEADER = YES;
				CLANG_WARN_RANGE_LOOP_ANALYSIS = YES;
				CLANG_WARN_STRICT_PROTOTYPES = YES;
				CLANG_WARN_SUSPICIOUS_MOVE = YES;
				CLANG_WARN_UNGUARDED_AVAILABILITY = YES_AGGRESSIVE;
				CLANG_WARN_UNREACHABLE_CODE = YES;
				CLANG_WARN__DUPLICATE_METHOD_MATCH = YES;
				COPY_PHASE_STRIP = NO;
				DEBUG_INFORMATION_FORMAT = dwarf;
				ENABLE_STRICT_OBJC_MSGSEND = YES;
				ENABLE_TESTABILITY = YES;
				GCC_C_LANGUAGE_STANDARD = gnu11;
				GCC_DYNAMIC_NO_PIC = NO;
				GCC_NO_COMMON_BLOCKS = YES;
				GCC_OPTIMIZATION_LEVEL = 0;
				GCC_PREPROCESSOR_DEFINITIONS = (
					"DEBUG=1",
					"$(inherited)",
				);
				GCC_WARN_64_TO_32_BIT_CONVERSION = YES;
				GCC_WARN_ABOUT_RETURN_TYPE = YES_ERROR;
				GCC_WARN_UNDECLARED_SELECTOR = YES;
				GCC_WARN_UNINITIALIZED_AUTOS = YES_AGGRESSIVE;
				GCC_WARN_UNUSED_FUNCTION = YES;
				GCC_WARN_UNUSED_VARIABLE = YES;
				IPHONEOS_DEPLOYMENT_TARGET = 14.2;
				MTL_ENABLE_DEBUG_INFO = INCLUDE_SOURCE;
				MTL_FAST_MATH = YES;
				ONLY_ACTIVE_ARCH = YES;
				SDKROOT = iphoneos;
				SWIFT_ACTIVE_COMPILATION_CONDITIONS = DEBUG;
				SWIFT_OPTIMIZATION_LEVEL = "-Onone";
			};
			name = Debug;
		};
		14C36C98256F5B8D00B4575D /* Release */ = {
			isa = XCBuildConfiguration;
			buildSettings = {
				ALWAYS_SEARCH_USER_PATHS = NO;
				CLANG_ANALYZER_NONNULL = YES;
				CLANG_ANALYZER_NUMBER_OBJECT_CONVERSION = YES_AGGRESSIVE;
				CLANG_CXX_LANGUAGE_STANDARD = "gnu++14";
				CLANG_CXX_LIBRARY = "libc++";
				CLANG_ENABLE_MODULES = YES;
				CLANG_ENABLE_OBJC_ARC = YES;
				CLANG_ENABLE_OBJC_WEAK = YES;
				CLANG_WARN_BLOCK_CAPTURE_AUTORELEASING = YES;
				CLANG_WARN_BOOL_CONVERSION = YES;
				CLANG_WARN_COMMA = YES;
				CLANG_WARN_CONSTANT_CONVERSION = YES;
				CLANG_WARN_DEPRECATED_OBJC_IMPLEMENTATIONS = YES;
				CLANG_WARN_DIRECT_OBJC_ISA_USAGE = YES_ERROR;
				CLANG_WARN_DOCUMENTATION_COMMENTS = YES;
				CLANG_WARN_EMPTY_BODY = YES;
				CLANG_WARN_ENUM_CONVERSION = YES;
				CLANG_WARN_INFINITE_RECURSION = YES;
				CLANG_WARN_INT_CONVERSION = YES;
				CLANG_WARN_NON_LITERAL_NULL_CONVERSION = YES;
				CLANG_WARN_OBJC_IMPLICIT_RETAIN_SELF = YES;
				CLANG_WARN_OBJC_LITERAL_CONVERSION = YES;
				CLANG_WARN_OBJC_ROOT_CLASS = YES_ERROR;
				CLANG_WARN_QUOTED_INCLUDE_IN_FRAMEWORK_HEADER = YES;
				CLANG_WARN_RANGE_LOOP_ANALYSIS = YES;
				CLANG_WARN_STRICT_PROTOTYPES = YES;
				CLANG_WARN_SUSPICIOUS_MOVE = YES;
				CLANG_WARN_UNGUARDED_AVAILABILITY = YES_AGGRESSIVE;
				CLANG_WARN_UNREACHABLE_CODE = YES;
				CLANG_WARN__DUPLICATE_METHOD_MATCH = YES;
				COPY_PHASE_STRIP = NO;
				DEBUG_INFORMATION_FORMAT = "dwarf-with-dsym";
				ENABLE_NS_ASSERTIONS = NO;
				ENABLE_STRICT_OBJC_MSGSEND = YES;
				GCC_C_LANGUAGE_STANDARD = gnu11;
				GCC_NO_COMMON_BLOCKS = YES;
				GCC_WARN_64_TO_32_BIT_CONVERSION = YES;
				GCC_WARN_ABOUT_RETURN_TYPE = YES_ERROR;
				GCC_WARN_UNDECLARED_SELECTOR = YES;
				GCC_WARN_UNINITIALIZED_AUTOS = YES_AGGRESSIVE;
				GCC_WARN_UNUSED_FUNCTION = YES;
				GCC_WARN_UNUSED_VARIABLE = YES;
				IPHONEOS_DEPLOYMENT_TARGET = 14.2;
				MTL_ENABLE_DEBUG_INFO = NO;
				MTL_FAST_MATH = YES;
				SDKROOT = iphoneos;
				SWIFT_COMPILATION_MODE = wholemodule;
				SWIFT_OPTIMIZATION_LEVEL = "-O";
				VALIDATE_PRODUCT = YES;
			};
			name = Release;
		};
		14C36C9A256F5B8D00B4575D /* Debug */ = {
			isa = XCBuildConfiguration;
			buildSettings = {
				ASSETCATALOG_COMPILER_APPICON_NAME = AppIcon;
				ASSETCATALOG_COMPILER_GLOBAL_ACCENT_COLOR_NAME = AccentColor;
				CODE_SIGN_STYLE = Automatic;
				INFOPLIST_FILE = "Magic_8-Ball/Info.plist";
				LD_RUNPATH_SEARCH_PATHS = (
					"$(inherited)",
					"@executable_path/Frameworks",
				);
				PRODUCT_BUNDLE_IDENTIFIER = "MakeMeSenpai.Magic-8-Ball";
				PRODUCT_NAME = "$(TARGET_NAME)";
				SWIFT_VERSION = 5.0;
				TARGETED_DEVICE_FAMILY = "1,2";
			};
			name = Debug;
		};
		14C36C9B256F5B8D00B4575D /* Release */ = {
			isa = XCBuildConfiguration;
			buildSettings = {
				ASSETCATALOG_COMPILER_APPICON_NAME = AppIcon;
				ASSETCATALOG_COMPILER_GLOBAL_ACCENT_COLOR_NAME = AccentColor;
				CODE_SIGN_STYLE = Automatic;
				INFOPLIST_FILE = "Magic_8-Ball/Info.plist";
				LD_RUNPATH_SEARCH_PATHS = (
					"$(inherited)",
					"@executable_path/Frameworks",
				);
				PRODUCT_BUNDLE_IDENTIFIER = "MakeMeSenpai.Magic-8-Ball";
				PRODUCT_NAME = "$(TARGET_NAME)";
				SWIFT_VERSION = 5.0;
				TARGETED_DEVICE_FAMILY = "1,2";
			};
			name = Release;
		};
		14C36C9D256F5B8D00B4575D /* Debug */ = {
			isa = XCBuildConfiguration;
			buildSettings = {
				ALWAYS_EMBED_SWIFT_STANDARD_LIBRARIES = YES;
				BUNDLE_LOADER = "$(TEST_HOST)";
				CODE_SIGN_STYLE = Automatic;
				INFOPLIST_FILE = "Magic_8-BallTests/Info.plist";
				IPHONEOS_DEPLOYMENT_TARGET = 14.2;
				LD_RUNPATH_SEARCH_PATHS = (
					"$(inherited)",
					"@executable_path/Frameworks",
					"@loader_path/Frameworks",
				);
				PRODUCT_BUNDLE_IDENTIFIER = "MakeMeSenpai.Magic-8-BallTests";
				PRODUCT_NAME = "$(TARGET_NAME)";
				SWIFT_VERSION = 5.0;
				TARGETED_DEVICE_FAMILY = "1,2";
				TEST_HOST = "$(BUILT_PRODUCTS_DIR)/Magic_8-Ball.app/Magic_8-Ball";
			};
			name = Debug;
		};
		14C36C9E256F5B8D00B4575D /* Release */ = {
			isa = XCBuildConfiguration;
			buildSettings = {
				ALWAYS_EMBED_SWIFT_STANDARD_LIBRARIES = YES;
				BUNDLE_LOADER = "$(TEST_HOST)";
				CODE_SIGN_STYLE = Automatic;
				INFOPLIST_FILE = "Magic_8-BallTests/Info.plist";
				IPHONEOS_DEPLOYMENT_TARGET = 14.2;
				LD_RUNPATH_SEARCH_PATHS = (
					"$(inherited)",
					"@executable_path/Frameworks",
					"@loader_path/Frameworks",
				);
				PRODUCT_BUNDLE_IDENTIFIER = "MakeMeSenpai.Magic-8-BallTests";
				PRODUCT_NAME = "$(TARGET_NAME)";
				SWIFT_VERSION = 5.0;
				TARGETED_DEVICE_FAMILY = "1,2";
				TEST_HOST = "$(BUILT_PRODUCTS_DIR)/Magic_8-Ball.app/Magic_8-Ball";
			};
			name = Release;
		};
		14C36CA0256F5B8D00B4575D /* Debug */ = {
			isa = XCBuildConfiguration;
			buildSettings = {
				ALWAYS_EMBED_SWIFT_STANDARD_LIBRARIES = YES;
				CODE_SIGN_STYLE = Automatic;
				INFOPLIST_FILE = "Magic_8-BallUITests/Info.plist";
				LD_RUNPATH_SEARCH_PATHS = (
					"$(inherited)",
					"@executable_path/Frameworks",
					"@loader_path/Frameworks",
				);
				PRODUCT_BUNDLE_IDENTIFIER = "MakeMeSenpai.Magic-8-BallUITests";
				PRODUCT_NAME = "$(TARGET_NAME)";
				SWIFT_VERSION = 5.0;
				TARGETED_DEVICE_FAMILY = "1,2";
				TEST_TARGET_NAME = "Magic_8-Ball";
			};
			name = Debug;
		};
		14C36CA1256F5B8D00B4575D /* Release */ = {
			isa = XCBuildConfiguration;
			buildSettings = {
				ALWAYS_EMBED_SWIFT_STANDARD_LIBRARIES = YES;
				CODE_SIGN_STYLE = Automatic;
				INFOPLIST_FILE = "Magic_8-BallUITests/Info.plist";
				LD_RUNPATH_SEARCH_PATHS = (
					"$(inherited)",
					"@executable_path/Frameworks",
					"@loader_path/Frameworks",
				);
				PRODUCT_BUNDLE_IDENTIFIER = "MakeMeSenpai.Magic-8-BallUITests";
				PRODUCT_NAME = "$(TARGET_NAME)";
				SWIFT_VERSION = 5.0;
				TARGETED_DEVICE_FAMILY = "1,2";
				TEST_TARGET_NAME = "Magic_8-Ball";
			};
			name = Release;
		};
/* End XCBuildConfiguration section */

/* Begin XCConfigurationList section */
		14C36C6A256F5B8800B4575D /* Build configuration list for PBXProject "Magic_8-Ball" */ = {
			isa = XCConfigurationList;
			buildConfigurations = (
				14C36C97256F5B8D00B4575D /* Debug */,
				14C36C98256F5B8D00B4575D /* Release */,
			);
			defaultConfigurationIsVisible = 0;
			defaultConfigurationName = Release;
		};
		14C36C99256F5B8D00B4575D /* Build configuration list for PBXNativeTarget "Magic_8-Ball" */ = {
			isa = XCConfigurationList;
			buildConfigurations = (
				14C36C9A256F5B8D00B4575D /* Debug */,
				14C36C9B256F5B8D00B4575D /* Release */,
			);
			defaultConfigurationIsVisible = 0;
			defaultConfigurationName = Release;
		};
		14C36C9C256F5B8D00B4575D /* Build configuration list for PBXNativeTarget "Magic_8-BallTests" */ = {
			isa = XCConfigurationList;
			buildConfigurations = (
				14C36C9D256F5B8D00B4575D /* Debug */,
				14C36C9E256F5B8D00B4575D /* Release */,
			);
			defaultConfigurationIsVisible = 0;
			defaultConfigurationName = Release;
		};
		14C36C9F256F5B8D00B4575D /* Build configuration list for PBXNativeTarget "Magic_8-BallUITests" */ = {
			isa = XCConfigurationList;
			buildConfigurations = (
				14C36CA0256F5B8D00B4575D /* Debug */,
				14C36CA1256F5B8D00B4575D /* Release */,
			);
			defaultConfigurationIsVisible = 0;
			defaultConfigurationName = Release;
		};
/* End XCConfigurationList section */
	};
	rootObject = 14C36C67256F5B8800B4575D /* Project object */;
}
